// !$*UTF8*$!
{
	archiveVersion = 1;
	classes = {
	};
	objectVersion = 46;
	objects = {

/* Begin PBXBuildFile section */
		2352AA2217BDE44B001006D0 /* NSArray+reverse.m in Sources */ = {isa = PBXBuildFile; fileRef = 2352AA1817BDE44B001006D0 /* NSArray+reverse.m */; };
		2352AA2317BDE44B001006D0 /* Ranker.mm in Sources */ = {isa = PBXBuildFile; fileRef = 2352AA1A17BDE44B001006D0 /* Ranker.mm */; };
		2352AA2417BDE44B001006D0 /* SearchManager.m in Sources */ = {isa = PBXBuildFile; fileRef = 2352AA1C17BDE44B001006D0 /* SearchManager.m */; };
		2352AA2617BDE44B001006D0 /* SearchPopup.m in Sources */ = {isa = PBXBuildFile; fileRef = 2352AA1F17BDE44B001006D0 /* SearchPopup.m */; };
		2352AA2717BDE44B001006D0 /* SearchPopup.xib in Resources */ = {isa = PBXBuildFile; fileRef = 2352AA2017BDE44B001006D0 /* SearchPopup.xib */; };
		2352AA2917BDE624001006D0 /* Cocoa.framework in Frameworks */ = {isa = PBXBuildFile; fileRef = 2352AA2817BDE624001006D0 /* Cocoa.framework */; };
		2352AA2D17BE0F25001006D0 /* GMailinator.m in Sources */ = {isa = PBXBuildFile; fileRef = 2352AA2C17BE0F25001006D0 /* GMailinator.m */; };
		239B1F2317B6FD2F002CEA1B /* GMailinator.mailbundle in CopyFiles */ = {isa = PBXBuildFile; fileRef = 499015DA1615FE5300991F6C /* GMailinator.mailbundle */; };
		499015DE1615FE5300991F6C /* CoreFoundation.framework in Frameworks */ = {isa = PBXBuildFile; fileRef = 499015DD1615FE5300991F6C /* CoreFoundation.framework */; };
		B54609F916F9E3D000101CB2 /* AppKit.framework in Frameworks */ = {isa = PBXBuildFile; fileRef = B54609F816F9E3D000101CB2 /* AppKit.framework */; };
/* End PBXBuildFile section */

/* Begin PBXCopyFilesBuildPhase section */
		239B1F2217B6FD16002CEA1B /* CopyFiles */ = {
			isa = PBXCopyFilesBuildPhase;
			buildActionMask = 2147483647;
			dstPath = "~/Library/Mail/Bundles";
			dstSubfolderSpec = 0;
			files = (
				239B1F2317B6FD2F002CEA1B /* GMailinator.mailbundle in CopyFiles */,
			);
			runOnlyForDeploymentPostprocessing = 0;
		};
/* End PBXCopyFilesBuildPhase section */

/* Begin PBXFileReference section */
		2352AA1617BDE44B001006D0 /* Mail.h */ = {isa = PBXFileReference; fileEncoding = 4; lastKnownFileType = sourcecode.c.h; path = Mail.h; sourceTree = "<group>"; };
		2352AA1717BDE44B001006D0 /* NSArray+reverse.h */ = {isa = PBXFileReference; fileEncoding = 4; lastKnownFileType = sourcecode.c.h; path = "NSArray+reverse.h"; sourceTree = "<group>"; };
		2352AA1817BDE44B001006D0 /* NSArray+reverse.m */ = {isa = PBXFileReference; fileEncoding = 4; lastKnownFileType = sourcecode.c.objc; path = "NSArray+reverse.m"; sourceTree = "<group>"; };
		2352AA1917BDE44B001006D0 /* Ranker.h */ = {isa = PBXFileReference; fileEncoding = 4; lastKnownFileType = sourcecode.c.h; path = Ranker.h; sourceTree = "<group>"; };
		2352AA1A17BDE44B001006D0 /* Ranker.mm */ = {isa = PBXFileReference; fileEncoding = 4; lastKnownFileType = sourcecode.cpp.objcpp; path = Ranker.mm; sourceTree = "<group>"; };
		2352AA1B17BDE44B001006D0 /* SearchManager.h */ = {isa = PBXFileReference; fileEncoding = 4; lastKnownFileType = sourcecode.c.h; path = SearchManager.h; sourceTree = "<group>"; };
		2352AA1C17BDE44B001006D0 /* SearchManager.m */ = {isa = PBXFileReference; fileEncoding = 4; lastKnownFileType = sourcecode.c.objc; path = SearchManager.m; sourceTree = "<group>"; };
		2352AA1E17BDE44B001006D0 /* SearchPopup.h */ = {isa = PBXFileReference; fileEncoding = 4; lastKnownFileType = sourcecode.c.h; path = SearchPopup.h; sourceTree = "<group>"; };
		2352AA1F17BDE44B001006D0 /* SearchPopup.m */ = {isa = PBXFileReference; fileEncoding = 4; lastKnownFileType = sourcecode.c.objc; path = SearchPopup.m; sourceTree = "<group>"; };
		2352AA2017BDE44B001006D0 /* SearchPopup.xib */ = {isa = PBXFileReference; fileEncoding = 4; lastKnownFileType = file.xib; path = SearchPopup.xib; sourceTree = "<group>"; };
		2352AA2817BDE624001006D0 /* Cocoa.framework */ = {isa = PBXFileReference; lastKnownFileType = wrapper.framework; name = Cocoa.framework; path = System/Library/Frameworks/Cocoa.framework; sourceTree = SDKROOT; };
		2352AA2B17BE0F25001006D0 /* GMailinator.h */ = {isa = PBXFileReference; fileEncoding = 4; lastKnownFileType = sourcecode.c.h; path = GMailinator.h; sourceTree = "<group>"; };
		2352AA2C17BE0F25001006D0 /* GMailinator.m */ = {isa = PBXFileReference; fileEncoding = 4; lastKnownFileType = sourcecode.c.objc; path = GMailinator.m; sourceTree = "<group>"; };
		499015DA1615FE5300991F6C /* GMailinator.mailbundle */ = {isa = PBXFileReference; explicitFileType = wrapper.cfbundle; includeInIndex = 0; path = GMailinator.mailbundle; sourceTree = BUILT_PRODUCTS_DIR; };
		499015DD1615FE5300991F6C /* CoreFoundation.framework */ = {isa = PBXFileReference; lastKnownFileType = wrapper.framework; name = CoreFoundation.framework; path = System/Library/Frameworks/CoreFoundation.framework; sourceTree = SDKROOT; };
		499015E11615FE5300991F6C /* Info.plist */ = {isa = PBXFileReference; lastKnownFileType = text.plist.xml; path = Info.plist; sourceTree = "<group>"; };
		499015E51615FE5300991F6C /* GMailinator-Prefix.pch */ = {isa = PBXFileReference; lastKnownFileType = sourcecode.c.h; path = "GMailinator-Prefix.pch"; sourceTree = "<group>"; };
		B54609F816F9E3D000101CB2 /* AppKit.framework */ = {isa = PBXFileReference; lastKnownFileType = wrapper.framework; name = AppKit.framework; path = System/Library/Frameworks/AppKit.framework; sourceTree = SDKROOT; };
/* End PBXFileReference section */

/* Begin PBXFrameworksBuildPhase section */
		499015D71615FE5300991F6C /* Frameworks */ = {
			isa = PBXFrameworksBuildPhase;
			buildActionMask = 2147483647;
			files = (
				2352AA2917BDE624001006D0 /* Cocoa.framework in Frameworks */,
				B54609F916F9E3D000101CB2 /* AppKit.framework in Frameworks */,
				499015DE1615FE5300991F6C /* CoreFoundation.framework in Frameworks */,
			);
			runOnlyForDeploymentPostprocessing = 0;
		};
/* End PBXFrameworksBuildPhase section */

/* Begin PBXGroup section */
		499015CF1615FE5300991F6C = {
			isa = PBXGroup;
			children = (
				499015DF1615FE5300991F6C /* GMailinator */,
				499015DC1615FE5300991F6C /* Frameworks */,
				499015DB1615FE5300991F6C /* Products */,
			);
			sourceTree = "<group>";
			wrapsLines = 0;
		};
		499015DB1615FE5300991F6C /* Products */ = {
			isa = PBXGroup;
			children = (
				499015DA1615FE5300991F6C /* GMailinator.mailbundle */,
			);
			name = Products;
			sourceTree = "<group>";
		};
		499015DC1615FE5300991F6C /* Frameworks */ = {
			isa = PBXGroup;
			children = (
				2352AA2817BDE624001006D0 /* Cocoa.framework */,
				B54609F816F9E3D000101CB2 /* AppKit.framework */,
				499015DD1615FE5300991F6C /* CoreFoundation.framework */,
			);
			name = Frameworks;
			sourceTree = "<group>";
		};
		499015DF1615FE5300991F6C /* GMailinator */ = {
			isa = PBXGroup;
			children = (
				2352AA2B17BE0F25001006D0 /* GMailinator.h */,
				2352AA2C17BE0F25001006D0 /* GMailinator.m */,
				2352AA1617BDE44B001006D0 /* Mail.h */,
				2352AA1717BDE44B001006D0 /* NSArray+reverse.h */,
				2352AA1817BDE44B001006D0 /* NSArray+reverse.m */,
				2352AA1917BDE44B001006D0 /* Ranker.h */,
				2352AA1A17BDE44B001006D0 /* Ranker.mm */,
				2352AA1B17BDE44B001006D0 /* SearchManager.h */,
				2352AA1C17BDE44B001006D0 /* SearchManager.m */,
				2352AA1E17BDE44B001006D0 /* SearchPopup.h */,
				2352AA1F17BDE44B001006D0 /* SearchPopup.m */,
				2352AA2017BDE44B001006D0 /* SearchPopup.xib */,
				499015E01615FE5300991F6C /* Supporting Files */,
			);
			path = GMailinator;
			sourceTree = "<group>";
		};
		499015E01615FE5300991F6C /* Supporting Files */ = {
			isa = PBXGroup;
			children = (
				499015E11615FE5300991F6C /* Info.plist */,
				499015E51615FE5300991F6C /* GMailinator-Prefix.pch */,
			);
			name = "Supporting Files";
			sourceTree = "<group>";
		};
/* End PBXGroup section */

/* Begin PBXNativeTarget section */
		499015D91615FE5300991F6C /* GMailinator */ = {
			isa = PBXNativeTarget;
			buildConfigurationList = 499015E81615FE5300991F6C /* Build configuration list for PBXNativeTarget "GMailinator" */;
			buildPhases = (
				A718F5961A681B6700545966 /* Save current UUID to Info.plist */,
				499015D61615FE5300991F6C /* Sources */,
				499015D71615FE5300991F6C /* Frameworks */,
				499015D81615FE5300991F6C /* Resources */,
				239B1F2217B6FD16002CEA1B /* CopyFiles */,
			);
			buildRules = (
			);
			dependencies = (
			);
			name = GMailinator;
			productName = NoFlaggedMailbox;
			productReference = 499015DA1615FE5300991F6C /* GMailinator.mailbundle */;
			productType = "com.apple.product-type.bundle";
		};
/* End PBXNativeTarget section */

/* Begin PBXProject section */
		499015D11615FE5300991F6C /* Project object */ = {
			isa = PBXProject;
			attributes = {
				LastUpgradeCheck = 0610;
				ORGANIZATIONNAME = nompute;
			};
			buildConfigurationList = 499015D41615FE5300991F6C /* Build configuration list for PBXProject "GMailinator" */;
			compatibilityVersion = "Xcode 3.2";
			developmentRegion = English;
			hasScannedForEncodings = 0;
			knownRegions = (
				en,
			);
			mainGroup = 499015CF1615FE5300991F6C;
			productRefGroup = 499015DB1615FE5300991F6C /* Products */;
			projectDirPath = "";
			projectRoot = "";
			targets = (
				499015D91615FE5300991F6C /* GMailinator */,
			);
		};
/* End PBXProject section */

/* Begin PBXResourcesBuildPhase section */
		499015D81615FE5300991F6C /* Resources */ = {
			isa = PBXResourcesBuildPhase;
			buildActionMask = 2147483647;
			files = (
				2352AA2717BDE44B001006D0 /* SearchPopup.xib in Resources */,
			);
			runOnlyForDeploymentPostprocessing = 0;
		};
/* End PBXResourcesBuildPhase section */

/* Begin PBXShellScriptBuildPhase section */
		A718F5961A681B6700545966 /* Save current UUID to Info.plist */ = {
			isa = PBXShellScriptBuildPhase;
			buildActionMask = 2147483647;
			files = (
			);
			inputPaths = (
			);
			name = "Save current UUID to Info.plist";
			outputPaths = (
			);
			runOnlyForDeploymentPostprocessing = 0;
			shellPath = /bin/sh;
			shellScript = "echo \"Grabbing the mail app uuid for your version....\"\necho \"the Source_ROOT ${SOURCE_ROOT}\"\n\ndefaults write ${SOURCE_ROOT}/GMailinator/Info.plist SupportedPluginCompatibilityUUIDs -array-add \"`${SOURCE_ROOT}/find_uuid.sh`\"";
		};
/* End PBXShellScriptBuildPhase section */

/* Begin PBXSourcesBuildPhase section */
		499015D61615FE5300991F6C /* Sources */ = {
			isa = PBXSourcesBuildPhase;
			buildActionMask = 2147483647;
			files = (
				2352AA2217BDE44B001006D0 /* NSArray+reverse.m in Sources */,
				2352AA2317BDE44B001006D0 /* Ranker.mm in Sources */,
				2352AA2417BDE44B001006D0 /* SearchManager.m in Sources */,
				2352AA2617BDE44B001006D0 /* SearchPopup.m in Sources */,
				2352AA2D17BE0F25001006D0 /* GMailinator.m in Sources */,
			);
			runOnlyForDeploymentPostprocessing = 0;
		};
/* End PBXSourcesBuildPhase section */

/* Begin XCBuildConfiguration section */
		499015E61615FE5300991F6C /* Debug */ = {
			isa = XCBuildConfiguration;
			buildSettings = {
				ALWAYS_SEARCH_USER_PATHS = NO;
				CLANG_CXX_LANGUAGE_STANDARD = "gnu++0x";
				CLANG_CXX_LIBRARY = "libc++";
				CLANG_ENABLE_OBJC_ARC = YES;
				CLANG_WARN_EMPTY_BODY = YES;
				CLANG_WARN__DUPLICATE_METHOD_MATCH = YES;
				COPY_PHASE_STRIP = NO;
				ENABLE_TESTABILITY = YES;
				GCC_C_LANGUAGE_STANDARD = gnu99;
				GCC_DYNAMIC_NO_PIC = NO;
				GCC_ENABLE_OBJC_EXCEPTIONS = YES;
				GCC_OPTIMIZATION_LEVEL = 0;
				GCC_PREPROCESSOR_DEFINITIONS = (
					"DEBUG=1",
					"$(inherited)",
				);
				GCC_SYMBOLS_PRIVATE_EXTERN = NO;
				GCC_WARN_64_TO_32_BIT_CONVERSION = YES;
				GCC_WARN_ABOUT_RETURN_TYPE = YES;
				GCC_WARN_UNINITIALIZED_AUTOS = YES;
				GCC_WARN_UNUSED_VARIABLE = YES;
				INSTALL_PATH = "~/Library/Mail/Bundles";
				MACOSX_DEPLOYMENT_TARGET = 10.8;
				ONLY_ACTIVE_ARCH = YES;
				SDKROOT = macosx;
			};
			name = Debug;
		};
		499015E71615FE5300991F6C /* Release */ = {
			isa = XCBuildConfiguration;
			buildSettings = {
				ALWAYS_SEARCH_USER_PATHS = NO;
				CLANG_CXX_LANGUAGE_STANDARD = "gnu++0x";
				CLANG_CXX_LIBRARY = "libc++";
				CLANG_ENABLE_OBJC_ARC = YES;
				CLANG_WARN_EMPTY_BODY = YES;
				CLANG_WARN__DUPLICATE_METHOD_MATCH = YES;
				COPY_PHASE_STRIP = YES;
				DEBUG_INFORMATION_FORMAT = "dwarf-with-dsym";
				GCC_C_LANGUAGE_STANDARD = gnu99;
				GCC_ENABLE_OBJC_EXCEPTIONS = YES;
				GCC_WARN_64_TO_32_BIT_CONVERSION = YES;
				GCC_WARN_ABOUT_RETURN_TYPE = YES;
				GCC_WARN_UNINITIALIZED_AUTOS = YES;
				GCC_WARN_UNUSED_VARIABLE = YES;
				INSTALL_PATH = "~/Library/Mail/Bundles";
				MACOSX_DEPLOYMENT_TARGET = 10.8;
				SDKROOT = macosx;
			};
			name = Release;
		};
		499015E91615FE5300991F6C /* Debug */ = {
			isa = XCBuildConfiguration;
			buildSettings = {
				CLANG_ENABLE_OBJC_ARC = YES;
				COMBINE_HIDPI_IMAGES = YES;
				GCC_PRECOMPILE_PREFIX_HEADER = YES;
				GCC_PREFIX_HEADER = "GMailinator/GMailinator-Prefix.pch";
				INFOPLIST_FILE = GMailinator/Info.plist;
				INSTALL_PATH = "$(HOME)/Library/Mail/Bundles";
				PRODUCT_BUNDLE_IDENTIFIER = "com.nompute.gmailinator.${PRODUCT_NAME:rfc1034identifier}";
				PRODUCT_NAME = GMailinator;
				WRAPPER_EXTENSION = mailbundle;
			};
			name = Debug;
		};
		499015EA1615FE5300991F6C /* Release */ = {
			isa = XCBuildConfiguration;
			buildSettings = {
				CLANG_ENABLE_OBJC_ARC = YES;
				COMBINE_HIDPI_IMAGES = YES;
				GCC_PRECOMPILE_PREFIX_HEADER = YES;
				GCC_PREFIX_HEADER = "GMailinator/GMailinator-Prefix.pch";
				INFOPLIST_FILE = GMailinator/Info.plist;
				INSTALL_PATH = "$(HOME)/Library/Mail/Bundles";
				PRODUCT_BUNDLE_IDENTIFIER = "com.nompute.gmailinator.${PRODUCT_NAME:rfc1034identifier}";
				PRODUCT_NAME = GMailinator;
				WRAPPER_EXTENSION = mailbundle;
			};
			name = Release;
		};
/* End XCBuildConfiguration section */

/* Begin XCConfigurationList section */
		499015D41615FE5300991F6C /* Build configuration list for PBXProject "GMailinator" */ = {
			isa = XCConfigurationList;
			buildConfigurations = (
				499015E61615FE5300991F6C /* Debug */,
				499015E71615FE5300991F6C /* Release */,
			);
			defaultConfigurationIsVisible = 0;
			defaultConfigurationName = Release;
		};
		499015E81615FE5300991F6C /* Build configuration list for PBXNativeTarget "GMailinator" */ = {
			isa = XCConfigurationList;
			buildConfigurations = (
				499015E91615FE5300991F6C /* Debug */,
				499015EA1615FE5300991F6C /* Release */,
			);
			defaultConfigurationIsVisible = 0;
			defaultConfigurationName = Release;
		};
/* End XCConfigurationList section */
	};
	rootObject = 499015D11615FE5300991F6C /* Project object */;
}
